// !$*UTF8*$!
{
	archiveVersion = 1;
	classes = {
	};
	objectVersion = 50;
	objects = {

/* Begin PBXBuildFile section */
		56EB98ED240C9B830074B59A /* AppDelegate.m in Sources */ = {isa = PBXBuildFile; fileRef = 56EB98EC240C9B830074B59A /* AppDelegate.m */; };
		56EB98F0240C9B830074B59A /* SceneDelegate.m in Sources */ = {isa = PBXBuildFile; fileRef = 56EB98EF240C9B830074B59A /* SceneDelegate.m */; };
		56EB98F3240C9B830074B59A /* ViewController.m in Sources */ = {isa = PBXBuildFile; fileRef = 56EB98F2240C9B830074B59A /* ViewController.m */; };
		56EB98F6240C9B830074B59A /* Main.storyboard in Resources */ = {isa = PBXBuildFile; fileRef = 56EB98F4240C9B830074B59A /* Main.storyboard */; };
		56EB98F8240C9B840074B59A /* Assets.xcassets in Resources */ = {isa = PBXBuildFile; fileRef = 56EB98F7240C9B840074B59A /* Assets.xcassets */; };
		56EB98FB240C9B840074B59A /* LaunchScreen.storyboard in Resources */ = {isa = PBXBuildFile; fileRef = 56EB98F9240C9B840074B59A /* LaunchScreen.storyboard */; };
		56EB98FE240C9B840074B59A /* main.m in Sources */ = {isa = PBXBuildFile; fileRef = 56EB98FD240C9B840074B59A /* main.m */; };
/* End PBXBuildFile section */

/* Begin PBXFileReference section */
		56EB98E8240C9B830074B59A /* Billion.app */ = {isa = PBXFileReference; explicitFileType = wrapper.application; includeInIndex = 0; path = Billion.app; sourceTree = BUILT_PRODUCTS_DIR; };
		56EB98EB240C9B830074B59A /* AppDelegate.h */ = {isa = PBXFileReference; lastKnownFileType = sourcecode.c.h; path = AppDelegate.h; sourceTree = "<group>"; };
		56EB98EC240C9B830074B59A /* AppDelegate.m */ = {isa = PBXFileReference; lastKnownFileType = sourcecode.c.objc; path = AppDelegate.m; sourceTree = "<group>"; };
		56EB98EE240C9B830074B59A /* SceneDelegate.h */ = {isa = PBXFileReference; lastKnownFileType = sourcecode.c.h; path = SceneDelegate.h; sourceTree = "<group>"; };
		56EB98EF240C9B830074B59A /* SceneDelegate.m */ = {isa = PBXFileReference; lastKnownFileType = sourcecode.c.objc; path = SceneDelegate.m; sourceTree = "<group>"; };
		56EB98F1240C9B830074B59A /* ViewController.h */ = {isa = PBXFileReference; lastKnownFileType = sourcecode.c.h; path = ViewController.h; sourceTree = "<group>"; };
		56EB98F2240C9B830074B59A /* ViewController.m */ = {isa = PBXFileReference; lastKnownFileType = sourcecode.c.objc; path = ViewController.m; sourceTree = "<group>"; };
		56EB98F5240C9B830074B59A /* Base */ = {isa = PBXFileReference; lastKnownFileType = file.storyboard; name = Base; path = Base.lproj/Main.storyboard; sourceTree = "<group>"; };
		56EB98F7240C9B840074B59A /* Assets.xcassets */ = {isa = PBXFileReference; lastKnownFileType = folder.assetcatalog; path = Assets.xcassets; sourceTree = "<group>"; };
		56EB98FA240C9B840074B59A /* Base */ = {isa = PBXFileReference; lastKnownFileType = file.storyboard; name = Base; path = Base.lproj/LaunchScreen.storyboard; sourceTree = "<group>"; };
		56EB98FC240C9B840074B59A /* Info.plist */ = {isa = PBXFileReference; lastKnownFileType = text.plist.xml; path = Info.plist; sourceTree = "<group>"; };
		56EB98FD240C9B840074B59A /* main.m */ = {isa = PBXFileReference; lastKnownFileType = sourcecode.c.objc; path = main.m; sourceTree = "<group>"; };
/* End PBXFileReference section */

/* Begin PBXFrameworksBuildPhase section */
		56EB98E5240C9B830074B59A /* Frameworks */ = {
			isa = PBXFrameworksBuildPhase;
			buildActionMask = 2147483647;
			files = (
			);
			runOnlyForDeploymentPostprocessing = 0;
		};
/* End PBXFrameworksBuildPhase section */

/* Begin PBXGroup section */
		56EB98DF240C9B830074B59A = {
			isa = PBXGroup;
			children = (
				56EB98EA240C9B830074B59A /* A Billion */,
				56EB98E9240C9B830074B59A /* Products */,
			);
			sourceTree = "<group>";
		};
		56EB98E9240C9B830074B59A /* Products */ = {
			isa = PBXGroup;
			children = (
				56EB98E8240C9B830074B59A /* Billion.app */,
			);
			name = Products;
			sourceTree = "<group>";
		};
		56EB98EA240C9B830074B59A /* A Billion */ = {
			isa = PBXGroup;
			children = (
				56EB98EB240C9B830074B59A /* AppDelegate.h */,
				56EB98EC240C9B830074B59A /* AppDelegate.m */,
				56EB98EE240C9B830074B59A /* SceneDelegate.h */,
				56EB98EF240C9B830074B59A /* SceneDelegate.m */,
				56EB98F1240C9B830074B59A /* ViewController.h */,
				56EB98F2240C9B830074B59A /* ViewController.m */,
				56EB98F4240C9B830074B59A /* Main.storyboard */,
				56EB98F7240C9B840074B59A /* Assets.xcassets */,
				56EB98F9240C9B840074B59A /* LaunchScreen.storyboard */,
				56EB98FC240C9B840074B59A /* Info.plist */,
				56EB98FD240C9B840074B59A /* main.m */,
			);
			path = "A Billion";
			sourceTree = "<group>";
		};
/* End PBXGroup section */

/* Begin PBXNativeTarget section */
		56EB98E7240C9B830074B59A /* A Billion */ = {
			isa = PBXNativeTarget;
			buildConfigurationList = 56EB9901240C9B840074B59A /* Build configuration list for PBXNativeTarget "A Billion" */;
			buildPhases = (
				56EB98E4240C9B830074B59A /* Sources */,
				56EB98E5240C9B830074B59A /* Frameworks */,
				56EB98E6240C9B830074B59A /* Resources */,
			);
			buildRules = (
			);
			dependencies = (
			);
			name = "A Billion";
			productName = "A Billion";
			productReference = 56EB98E8240C9B830074B59A /* Billion.app */;
			productType = "com.apple.product-type.application";
		};
/* End PBXNativeTarget section */

/* Begin PBXProject section */
		56EB98E0240C9B830074B59A /* Project object */ = {
			isa = PBXProject;
			attributes = {
				LastUpgradeCheck = 1130;
				ORGANIZATIONNAME = "杨倩";
				TargetAttributes = {
					56EB98E7240C9B830074B59A = {
						CreatedOnToolsVersion = 11.3.1;
					};
				};
			};
			buildConfigurationList = 56EB98E3240C9B830074B59A /* Build configuration list for PBXProject "A Billion" */;
			compatibilityVersion = "Xcode 9.3";
			developmentRegion = en;
			hasScannedForEncodings = 0;
			knownRegions = (
				en,
				Base,
			);
			mainGroup = 56EB98DF240C9B830074B59A;
			productRefGroup = 56EB98E9240C9B830074B59A /* Products */;
			projectDirPath = "";
			projectRoot = "";
			targets = (
				56EB98E7240C9B830074B59A /* A Billion */,
			);
		};
/* End PBXProject section */

/* Begin PBXResourcesBuildPhase section */
		56EB98E6240C9B830074B59A /* Resources */ = {
			isa = PBXResourcesBuildPhase;
			buildActionMask = 2147483647;
			files = (
				56EB98FB240C9B840074B59A /* LaunchScreen.storyboard in Resources */,
				56EB98F8240C9B840074B59A /* Assets.xcassets in Resources */,
				56EB98F6240C9B830074B59A /* Main.storyboard in Resources */,
			);
			runOnlyForDeploymentPostprocessing = 0;
		};
/* End PBXResourcesBuildPhase section */

/* Begin PBXSourcesBuildPhase section */
		56EB98E4240C9B830074B59A /* Sources */ = {
			isa = PBXSourcesBuildPhase;
			buildActionMask = 2147483647;
			files = (
				56EB98F3240C9B830074B59A /* ViewController.m in Sources */,
				56EB98ED240C9B830074B59A /* AppDelegate.m in Sources */,
				56EB98FE240C9B840074B59A /* main.m in Sources */,
				56EB98F0240C9B830074B59A /* SceneDelegate.m in Sources */,
			);
			runOnlyForDeploymentPostprocessing = 0;
		};
/* End PBXSourcesBuildPhase section */

/* Begin PBXVariantGroup section */
		56EB98F4240C9B830074B59A /* Main.storyboard */ = {
			isa = PBXVariantGroup;
			children = (
				56EB98F5240C9B830074B59A /* Base */,
			);
			name = Main.storyboard;
			sourceTree = "<group>";
		};
		56EB98F9240C9B840074B59A /* LaunchScreen.storyboard */ = {
			isa = PBXVariantGroup;
			children = (
				56EB98FA240C9B840074B59A /* Base */,
			);
			name = LaunchScreen.storyboard;
			sourceTree = "<group>";
		};
/* End PBXVariantGroup section */

/* Begin XCBuildConfiguration section */
		56EB98FF240C9B840074B59A /* Debug */ = {
			isa = XCBuildConfiguration;
			buildSettings = {
				ALWAYS_SEARCH_USER_PATHS = NO;
				CLANG_ANALYZER_NONNULL = YES;
				CLANG_ANALYZER_NUMBER_OBJECT_CONVERSION = YES_AGGRESSIVE;
				CLANG_CXX_LANGUAGE_STANDARD = "gnu++14";
				CLANG_CXX_LIBRARY = "libc++";
				CLANG_ENABLE_MODULES = YES;
				CLANG_ENABLE_OBJC_ARC = YES;
				CLANG_ENABLE_OBJC_WEAK = YES;
				CLANG_WARN_BLOCK_CAPTURE_AUTORELEASING = YES;
				CLANG_WARN_BOOL_CONVERSION = YES;
				CLANG_WARN_COMMA = YES;
				CLANG_WARN_CONSTANT_CONVERSION = YES;
				CLANG_WARN_DEPRECATED_OBJC_IMPLEMENTATIONS = YES;
				CLANG_WARN_DIRECT_OBJC_ISA_USAGE = YES_ERROR;
				CLANG_WARN_DOCUMENTATION_COMMENTS = YES;
				CLANG_WARN_EMPTY_BODY = YES;
				CLANG_WARN_ENUM_CONVERSION = YES;
				CLANG_WARN_INFINITE_RECURSION = YES;
				CLANG_WARN_INT_CONVERSION = YES;
				CLANG_WARN_NON_LITERAL_NULL_CONVERSION = YES;
				CLANG_WARN_OBJC_IMPLICIT_RETAIN_SELF = YES;
				CLANG_WARN_OBJC_LITERAL_CONVERSION = YES;
				CLANG_WARN_OBJC_ROOT_CLASS = YES_ERROR;
				CLANG_WARN_RANGE_LOOP_ANALYSIS = YES;
				CLANG_WARN_STRICT_PROTOTYPES = YES;
				CLANG_WARN_SUSPICIOUS_MOVE = YES;
				CLANG_WARN_UNGUARDED_AVAILABILITY = YES_AGGRESSIVE;
				CLANG_WARN_UNREACHABLE_CODE = YES;
				CLANG_WARN__DUPLICATE_METHOD_MATCH = YES;
				COPY_PHASE_STRIP = NO;
				DEBUG_INFORMATION_FORMAT = dwarf;
				ENABLE_STRICT_OBJC_MSGSEND = YES;
				ENABLE_TESTABILITY = YES;
				GCC_C_LANGUAGE_STANDARD = gnu11;
				GCC_DYNAMIC_NO_PIC = NO;
				GCC_NO_COMMON_BLOCKS = YES;
				GCC_OPTIMIZATION_LEVEL = 0;
				GCC_PREPROCESSOR_DEFINITIONS = (
					"DEBUG=1",
					"$(inherited)",
				);
				GCC_WARN_64_TO_32_BIT_CONVERSION = YES;
				GCC_WARN_ABOUT_RETURN_TYPE = YES_ERROR;
				GCC_WARN_UNDECLARED_SELECTOR = YES;
				GCC_WARN_UNINITIALIZED_AUTOS = YES_AGGRESSIVE;
				GCC_WARN_UNUSED_FUNCTION = YES;
				GCC_WARN_UNUSED_VARIABLE = YES;
				IPHONEOS_DEPLOYMENT_TARGET = 13.2;
				MTL_ENABLE_DEBUG_INFO = INCLUDE_SOURCE;
				MTL_FAST_MATH = YES;
				ONLY_ACTIVE_ARCH = YES;
				SDKROOT = iphoneos;
			};
			name = Debug;
		};
		56EB9900240C9B840074B59A /* Release */ = {
			isa = XCBuildConfiguration;
			buildSettings = {
				ALWAYS_SEARCH_USER_PATHS = NO;
				CLANG_ANALYZER_NONNULL = YES;
				CLANG_ANALYZER_NUMBER_OBJECT_CONVERSION = YES_AGGRESSIVE;
				CLANG_CXX_LANGUAGE_STANDARD = "gnu++14";
				CLANG_CXX_LIBRARY = "libc++";
				CLANG_ENABLE_MODULES = YES;
				CLANG_ENABLE_OBJC_ARC = YES;
				CLANG_ENABLE_OBJC_WEAK = YES;
				CLANG_WARN_BLOCK_CAPTURE_AUTORELEASING = YES;
				CLANG_WARN_BOOL_CONVERSION = YES;
				CLANG_WARN_COMMA = YES;
				CLANG_WARN_CONSTANT_CONVERSION = YES;
				CLANG_WARN_DEPRECATED_OBJC_IMPLEMENTATIONS = YES;
				CLANG_WARN_DIRECT_OBJC_ISA_USAGE = YES_ERROR;
				CLANG_WARN_DOCUMENTATION_COMMENTS = YES;
				CLANG_WARN_EMPTY_BODY = YES;
				CLANG_WARN_ENUM_CONVERSION = YES;
				CLANG_WARN_INFINITE_RECURSION = YES;
				CLANG_WARN_INT_CONVERSION = YES;
				CLANG_WARN_NON_LITERAL_NULL_CONVERSION = YES;
				CLANG_WARN_OBJC_IMPLICIT_RETAIN_SELF = YES;
				CLANG_WARN_OBJC_LITERAL_CONVERSION = YES;
				CLANG_WARN_OBJC_ROOT_CLASS = YES_ERROR;
				CLANG_WARN_RANGE_LOOP_ANALYSIS = YES;
				CLANG_WARN_STRICT_PROTOTYPES = YES;
				CLANG_WARN_SUSPICIOUS_MOVE = YES;
				CLANG_WARN_UNGUARDED_AVAILABILITY = YES_AGGRESSIVE;
				CLANG_WARN_UNREACHABLE_CODE = YES;
				CLANG_WARN__DUPLICATE_METHOD_MATCH = YES;
				COPY_PHASE_STRIP = NO;
				DEBUG_INFORMATION_FORMAT = "dwarf-with-dsym";
				ENABLE_NS_ASSERTIONS = NO;
				ENABLE_STRICT_OBJC_MSGSEND = YES;
				GCC_C_LANGUAGE_STANDARD = gnu11;
				GCC_NO_COMMON_BLOCKS = YES;
				GCC_WARN_64_TO_32_BIT_CONVERSION = YES;
				GCC_WARN_ABOUT_RETURN_TYPE = YES_ERROR;
				GCC_WARN_UNDECLARED_SELECTOR = YES;
				GCC_WARN_UNINITIALIZED_AUTOS = YES_AGGRESSIVE;
				GCC_WARN_UNUSED_FUNCTION = YES;
				GCC_WARN_UNUSED_VARIABLE = YES;
				IPHONEOS_DEPLOYMENT_TARGET = 13.2;
				MTL_ENABLE_DEBUG_INFO = NO;
				MTL_FAST_MATH = YES;
				SDKROOT = iphoneos;
				VALIDATE_PRODUCT = YES;
			};
			name = Release;
		};
		56EB9902240C9B840074B59A /* Debug */ = {
			isa = XCBuildConfiguration;
			buildSettings = {
				ASSETCATALOG_COMPILER_APPICON_NAME = AppIcon;
				CODE_SIGN_STYLE = Automatic;
				DEVELOPMENT_TEAM = J5WQ96HA48;
				INFOPLIST_FILE = "A Billion/Info.plist";
				LD_RUNPATH_SEARCH_PATHS = (
					"$(inherited)",
					"@executable_path/Frameworks",
				);
				PRODUCT_BUNDLE_IDENTIFIER = "com.one.A-Billion";
				PRODUCT_NAME = Billion;
				TARGETED_DEVICE_FAMILY = "1,2";
			};
			name = Debug;
		};
		56EB9903240C9B840074B59A /* Release */ = {
			isa = XCBuildConfiguration;
			buildSettings = {
				ASSETCATALOG_COMPILER_APPICON_NAME = AppIcon;
				CODE_SIGN_STYLE = Automatic;
				DEVELOPMENT_TEAM = J5WQ96HA48;
				INFOPLIST_FILE = "A Billion/Info.plist";
				LD_RUNPATH_SEARCH_PATHS = (
					"$(inherited)",
					"@executable_path/Frameworks",
				);
				PRODUCT_BUNDLE_IDENTIFIER = "com.one.A-Billion";
				PRODUCT_NAME = Billion;
				TARGETED_DEVICE_FAMILY = "1,2";
			};
			name = Release;
		};
/* End XCBuildConfiguration section */

/* Begin XCConfigurationList section */
		56EB98E3240C9B830074B59A /* Build configuration list for PBXProject "A Billion" */ = {
			isa = XCConfigurationList;
			buildConfigurations = (
				56EB98FF240C9B840074B59A /* Debug */,
				56EB9900240C9B840074B59A /* Release */,
			);
			defaultConfigurationIsVisible = 0;
			defaultConfigurationName = Release;
		};
		56EB9901240C9B840074B59A /* Build configuration list for PBXNativeTarget "A Billion" */ = {
			isa = XCConfigurationList;
			buildConfigurations = (
				56EB9902240C9B840074B59A /* Debug */,
				56EB9903240C9B840074B59A /* Release */,
			);
			defaultConfigurationIsVisible = 0;
			defaultConfigurationName = Release;
		};
/* End XCConfigurationList section */
	};
	rootObject = 56EB98E0240C9B830074B59A /* Project object */;
}
